
Microsoft Visual Studio Solution File, Format Version 12.00
# Visual Studio Version 17
VisualStudioVersion = 17.9.34607.119
MinimumVisualStudioVersion = 10.0.40219.1
Project("{8BC9CEB8-8B4A-11D0-8D11-00A0C91BC942}") = "mkmk", "mkmk\mkmk.vcxproj", "{17C20AC4-D42F-4E2D-8325-0A07D88375B5}"
EndProject
Global
	GlobalSection(SolutionConfigurationPlatforms) = preSolution
		Debug|x64 = Debug|x64
		Debug|x86 = Debug|x86
		Release|x64 = Release|x64
		Release|x86 = Release|x86
	EndGlobalSection
	GlobalSection(ProjectConfigurationPlatforms) = postSolution
		{17C20AC4-D42F-4E2D-8325-0A07D88375B5}.Debug|x64.ActiveCfg = Debug|x64
		{17C20AC4-D42F-4E2D-8325-0A07D88375B5}.Debug|x64.Build.0 = Debug|x64
		{17C20AC4-D42F-4E2D-8325-0A07D88375B5}.Debug|x86.ActiveCfg = Debug|Win32
		{17C20AC4-D42F-4E2D-8325-0A07D88375B5}.Debug|x86.Build.0 = Debug|Win32
		{17C20AC4-D42F-4E2D-8325-0A07D88375B5}.Release|x64.ActiveCfg = Release|x64
		{17C20AC4-D42F-4E2D-8325-0A07D88375B5}.Release|x64.Build.0 = Release|x64
		{17C20AC4-D42F-4E2D-8325-0A07D88375B5}.Release|x86.ActiveCfg = Release|Win32
		{17C20AC4-D42F-4E2D-8325-0A07D88375B5}.Release|x86.Build.0 = Release|Win32
	EndGlobalSection
	GlobalSection(SolutionProperties) = preSolution
		HideSolutionNode = FALSE
	EndGlobalSection
	GlobalSection(ExtensibilityGlobals) = postSolution
		SolutionGuid = {450C5C07-7528-4360-8F76-AFC355600C37}
	EndGlobalSection
EndGlobal
