
Microsoft Visual Studio Solution File, Format Version 12.00
# Visual Studio Version 17
VisualStudioVersion = 17.9.34607.119
MinimumVisualStudioVersion = 10.0.40219.1
Project("{8BC9CEB8-8B4A-11D0-8D11-00A0C91BC942}") = "UCP2_110", "UCP2_110\UCP2_110.vcxproj", "{E168B947-0041-4A57-A644-534A54B2C158}"
EndProject
Global
	GlobalSection(SolutionConfigurationPlatforms) = preSolution
		Debug|x64 = Debug|x64
		Debug|x86 = Debug|x86
		Release|x64 = Release|x64
		Release|x86 = Release|x86
	EndGlobalSection
	GlobalSection(ProjectConfigurationPlatforms) = postSolution
		{E168B947-0041-4A57-A644-534A54B2C158}.Debug|x64.ActiveCfg = Debug|x64
		{E168B947-0041-4A57-A644-534A54B2C158}.Debug|x64.Build.0 = Debug|x64
		{E168B947-0041-4A57-A644-534A54B2C158}.Debug|x86.ActiveCfg = Debug|Win32
		{E168B947-0041-4A57-A644-534A54B2C158}.Debug|x86.Build.0 = Debug|Win32
		{E168B947-0041-4A57-A644-534A54B2C158}.Release|x64.ActiveCfg = Release|x64
		{E168B947-0041-4A57-A644-534A54B2C158}.Release|x64.Build.0 = Release|x64
		{E168B947-0041-4A57-A644-534A54B2C158}.Release|x86.ActiveCfg = Release|Win32
		{E168B947-0041-4A57-A644-534A54B2C158}.Release|x86.Build.0 = Release|Win32
	EndGlobalSection
	GlobalSection(SolutionProperties) = preSolution
		HideSolutionNode = FALSE
	EndGlobalSection
	GlobalSection(ExtensibilityGlobals) = postSolution
		SolutionGuid = {2A0B7E24-E93F-431D-AC43-05A0A7637716}
	EndGlobalSection
EndGlobal
