
Microsoft Visual Studio Solution File, Format Version 12.00
# Visual Studio Version 17
VisualStudioVersion = 17.9.34607.119
MinimumVisualStudioVersion = 10.0.40219.1
Project("{8BC9CEB8-8B4A-11D0-8D11-00A0C91BC942}") = "UCP4_0110", "UCP4_0110\UCP4_0110.vcxproj", "{04E5F835-FF49-40C8-BB31-68C110E655F0}"
EndProject
Global
	GlobalSection(SolutionConfigurationPlatforms) = preSolution
		Debug|x64 = Debug|x64
		Debug|x86 = Debug|x86
		Release|x64 = Release|x64
		Release|x86 = Release|x86
	EndGlobalSection
	GlobalSection(ProjectConfigurationPlatforms) = postSolution
		{04E5F835-FF49-40C8-BB31-68C110E655F0}.Debug|x64.ActiveCfg = Debug|x64
		{04E5F835-FF49-40C8-BB31-68C110E655F0}.Debug|x64.Build.0 = Debug|x64
		{04E5F835-FF49-40C8-BB31-68C110E655F0}.Debug|x86.ActiveCfg = Debug|Win32
		{04E5F835-FF49-40C8-BB31-68C110E655F0}.Debug|x86.Build.0 = Debug|Win32
		{04E5F835-FF49-40C8-BB31-68C110E655F0}.Release|x64.ActiveCfg = Release|x64
		{04E5F835-FF49-40C8-BB31-68C110E655F0}.Release|x64.Build.0 = Release|x64
		{04E5F835-FF49-40C8-BB31-68C110E655F0}.Release|x86.ActiveCfg = Release|Win32
		{04E5F835-FF49-40C8-BB31-68C110E655F0}.Release|x86.Build.0 = Release|Win32
	EndGlobalSection
	GlobalSection(SolutionProperties) = preSolution
		HideSolutionNode = FALSE
	EndGlobalSection
	GlobalSection(ExtensibilityGlobals) = postSolution
		SolutionGuid = {8CFFF9E1-A78D-4936-9CAC-D7C395A7D282}
	EndGlobalSection
EndGlobal
